{
  "name": "procoder",
  "version": "0.2.0",
  "lockfileVersion": 3,
  "requires": true,
  "packages": {
    "": {
      "name": "procoder",
      "version": "0.2.0",
      "license": "Apache-2.0",
      "bin": {
        "procoder": "bin/procoder.js"
      },
      "engines": {
        "node": ">=18"
      }
    }
  }
}
